
Microsoft Visual Studio Solution File, Format Version 11.00
# Visual Studio 2010
Project("{FAE04EC0-301F-11D3-BF4B-00C04F79EFBC}") = "Assembly-CSharp", "Assembly-CSharp.csproj", "{24D7E2DC-94A9-AE77-33E5-5A0528A21670}"
EndProject
Project("{FAE04EC0-301F-11D3-BF4B-00C04F79EFBC}") = "Assembly-CSharp-Editor", "Assembly-CSharp-Editor.csproj", "{2AC3F8D9-2FC5-82E6-353E-6D844F7EAC74}"
EndProject
Global
	GlobalSection(SolutionConfigurationPlatforms) = preSolution
		Debug|Any CPU = Debug|Any CPU
		Release|Any CPU = Release|Any CPU
	EndGlobalSection
	GlobalSection(ProjectConfigurationPlatforms) = postSolution
		{24D7E2DC-94A9-AE77-33E5-5A0528A21670}.Debug|Any CPU.ActiveCfg = Debug|Any CPU
		{24D7E2DC-94A9-AE77-33E5-5A0528A21670}.Debug|Any CPU.Build.0 = Debug|Any CPU
		{24D7E2DC-94A9-AE77-33E5-5A0528A21670}.Release|Any CPU.ActiveCfg = Release|Any CPU
		{24D7E2DC-94A9-AE77-33E5-5A0528A21670}.Release|Any CPU.Build.0 = Release|Any CPU
		{2AC3F8D9-2FC5-82E6-353E-6D844F7EAC74}.Debug|Any CPU.ActiveCfg = Debug|Any CPU
		{2AC3F8D9-2FC5-82E6-353E-6D844F7EAC74}.Debug|Any CPU.Build.0 = Debug|Any CPU
		{2AC3F8D9-2FC5-82E6-353E-6D844F7EAC74}.Release|Any CPU.ActiveCfg = Release|Any CPU
		{2AC3F8D9-2FC5-82E6-353E-6D844F7EAC74}.Release|Any CPU.Build.0 = Release|Any CPU
	EndGlobalSection
	GlobalSection(SolutionProperties) = preSolution
		HideSolutionNode = FALSE
	EndGlobalSection
	GlobalSection(MonoDevelopProperties) = preSolution
		StartupItem = Assembly-CSharp.csproj
	EndGlobalSection
EndGlobal
