
Microsoft Visual Studio Solution File, Format Version 11.00
# Visual Studio 2010
Project("{FAE04EC0-301F-11D3-BF4B-00C04F79EFBC}") = "Assembly-CSharp", "Assembly-CSharp.csproj", "{25542B5B-D771-FCF1-8771-7BCAB1ACBAA2}"
EndProject
Project("{FAE04EC0-301F-11D3-BF4B-00C04F79EFBC}") = "Assembly-CSharp-Editor", "Assembly-CSharp-Editor.csproj", "{E2C35A51-9E6D-C284-7576-D202226364A3}"
EndProject
Global
	GlobalSection(SolutionConfigurationPlatforms) = preSolution
		Debug|Any CPU = Debug|Any CPU
		Release|Any CPU = Release|Any CPU
	EndGlobalSection
	GlobalSection(ProjectConfigurationPlatforms) = postSolution
		{25542B5B-D771-FCF1-8771-7BCAB1ACBAA2}.Debug|Any CPU.ActiveCfg = Debug|Any CPU
		{25542B5B-D771-FCF1-8771-7BCAB1ACBAA2}.Debug|Any CPU.Build.0 = Debug|Any CPU
		{25542B5B-D771-FCF1-8771-7BCAB1ACBAA2}.Release|Any CPU.ActiveCfg = Release|Any CPU
		{25542B5B-D771-FCF1-8771-7BCAB1ACBAA2}.Release|Any CPU.Build.0 = Release|Any CPU
		{E2C35A51-9E6D-C284-7576-D202226364A3}.Debug|Any CPU.ActiveCfg = Debug|Any CPU
		{E2C35A51-9E6D-C284-7576-D202226364A3}.Debug|Any CPU.Build.0 = Debug|Any CPU
		{E2C35A51-9E6D-C284-7576-D202226364A3}.Release|Any CPU.ActiveCfg = Release|Any CPU
		{E2C35A51-9E6D-C284-7576-D202226364A3}.Release|Any CPU.Build.0 = Release|Any CPU
	EndGlobalSection
	GlobalSection(SolutionProperties) = preSolution
		HideSolutionNode = FALSE
	EndGlobalSection
EndGlobal
